
Microsoft Visual Studio Solution File, Format Version 12.00
# Visual Studio Version 16
VisualStudioVersion = 16.0.31410.357
MinimumVisualStudioVersion = 10.0.40219.1
Project("{FAE04EC0-301F-11D3-BF4B-00C04F79EFBC}") = "Horloge", "Horloge\Horloge.csproj", "{D32E9D64-BD1B-48A9-B9C3-774E793017B4}"
EndProject
Global
	GlobalSection(SolutionConfigurationPlatforms) = preSolution
		Debug|Any CPU = Debug|Any CPU
		Release|Any CPU = Release|Any CPU
	EndGlobalSection
	GlobalSection(ProjectConfigurationPlatforms) = postSolution
		{D32E9D64-BD1B-48A9-B9C3-774E793017B4}.Debug|Any CPU.ActiveCfg = Debug|Any CPU
		{D32E9D64-BD1B-48A9-B9C3-774E793017B4}.Debug|Any CPU.Build.0 = Debug|Any CPU
		{D32E9D64-BD1B-48A9-B9C3-774E793017B4}.Release|Any CPU.ActiveCfg = Release|Any CPU
		{D32E9D64-BD1B-48A9-B9C3-774E793017B4}.Release|Any CPU.Build.0 = Release|Any CPU
	EndGlobalSection
	GlobalSection(SolutionProperties) = preSolution
		HideSolutionNode = FALSE
	EndGlobalSection
	GlobalSection(ExtensibilityGlobals) = postSolution
		SolutionGuid = {79996646-B101-41B3-8D1C-02E0906FD52C}
	EndGlobalSection
EndGlobal
