
Microsoft Visual Studio Solution File, Format Version 12.00
# Visual Studio Version 16
VisualStudioVersion = 16.0.31410.357
MinimumVisualStudioVersion = 10.0.40219.1
Project("{FAE04EC0-301F-11D3-BF4B-00C04F79EFBC}") = "Palindrome Win", "Palindrome Win\Palindrome Win.csproj", "{1B3A79A7-D015-4102-A3CB-55F413560D2F}"
EndProject
Project("{FAE04EC0-301F-11D3-BF4B-00C04F79EFBC}") = "ProjectPalindromeDAL", "ProjectPalindromeDAL\ProjectPalindromeDAL.csproj", "{5A55D94A-AF97-4876-A258-859D23C7463A}"
EndProject
Project("{FAE04EC0-301F-11D3-BF4B-00C04F79EFBC}") = "ProjectPalindromeBLL", "ProjectPalindromeBLL\ProjectPalindromeBLL.csproj", "{AA6EAC8B-4A74-44CB-AC64-623166934244}"
EndProject
Global
	GlobalSection(SolutionConfigurationPlatforms) = preSolution
		Debug|Any CPU = Debug|Any CPU
		Release|Any CPU = Release|Any CPU
	EndGlobalSection
	GlobalSection(ProjectConfigurationPlatforms) = postSolution
		{1B3A79A7-D015-4102-A3CB-55F413560D2F}.Debug|Any CPU.ActiveCfg = Debug|Any CPU
		{1B3A79A7-D015-4102-A3CB-55F413560D2F}.Debug|Any CPU.Build.0 = Debug|Any CPU
		{1B3A79A7-D015-4102-A3CB-55F413560D2F}.Release|Any CPU.ActiveCfg = Release|Any CPU
		{1B3A79A7-D015-4102-A3CB-55F413560D2F}.Release|Any CPU.Build.0 = Release|Any CPU
		{5A55D94A-AF97-4876-A258-859D23C7463A}.Debug|Any CPU.ActiveCfg = Debug|Any CPU
		{5A55D94A-AF97-4876-A258-859D23C7463A}.Debug|Any CPU.Build.0 = Debug|Any CPU
		{5A55D94A-AF97-4876-A258-859D23C7463A}.Release|Any CPU.ActiveCfg = Release|Any CPU
		{5A55D94A-AF97-4876-A258-859D23C7463A}.Release|Any CPU.Build.0 = Release|Any CPU
		{AA6EAC8B-4A74-44CB-AC64-623166934244}.Debug|Any CPU.ActiveCfg = Debug|Any CPU
		{AA6EAC8B-4A74-44CB-AC64-623166934244}.Debug|Any CPU.Build.0 = Debug|Any CPU
		{AA6EAC8B-4A74-44CB-AC64-623166934244}.Release|Any CPU.ActiveCfg = Release|Any CPU
		{AA6EAC8B-4A74-44CB-AC64-623166934244}.Release|Any CPU.Build.0 = Release|Any CPU
	EndGlobalSection
	GlobalSection(SolutionProperties) = preSolution
		HideSolutionNode = FALSE
	EndGlobalSection
	GlobalSection(ExtensibilityGlobals) = postSolution
		SolutionGuid = {0684EEAA-E467-47AB-8006-2CB9F24D1183}
	EndGlobalSection
EndGlobal
