
Microsoft Visual Studio Solution File, Format Version 12.00
# Visual Studio Version 16
VisualStudioVersion = 16.0.31410.357
MinimumVisualStudioVersion = 10.0.40219.1
Project("{FAE04EC0-301F-11D3-BF4B-00C04F79EFBC}") = "UnitTestProject", "UnitTestProject\UnitTestProject.csproj", "{43BC4895-4713-489A-9535-7F118812F3E7}"
EndProject
Project("{FAE04EC0-301F-11D3-BF4B-00C04F79EFBC}") = "ProjectPalindromeBLL", "ProjectPalindromeBLL\ProjectPalindromeBLL.csproj", "{7E108320-8FA2-41C2-924D-A824A10C71D9}"
EndProject
Project("{FAE04EC0-301F-11D3-BF4B-00C04F79EFBC}") = "ConsolePalindrome", "ConsolePalindrome\ConsolePalindrome.csproj", "{0B4B0ADD-4324-4A41-A03F-71E016B902D9}"
EndProject
Global
	GlobalSection(SolutionConfigurationPlatforms) = preSolution
		Debug|Any CPU = Debug|Any CPU
		Release|Any CPU = Release|Any CPU
	EndGlobalSection
	GlobalSection(ProjectConfigurationPlatforms) = postSolution
		{43BC4895-4713-489A-9535-7F118812F3E7}.Debug|Any CPU.ActiveCfg = Debug|Any CPU
		{43BC4895-4713-489A-9535-7F118812F3E7}.Debug|Any CPU.Build.0 = Debug|Any CPU
		{43BC4895-4713-489A-9535-7F118812F3E7}.Release|Any CPU.ActiveCfg = Release|Any CPU
		{43BC4895-4713-489A-9535-7F118812F3E7}.Release|Any CPU.Build.0 = Release|Any CPU
		{7E108320-8FA2-41C2-924D-A824A10C71D9}.Debug|Any CPU.ActiveCfg = Debug|Any CPU
		{7E108320-8FA2-41C2-924D-A824A10C71D9}.Debug|Any CPU.Build.0 = Debug|Any CPU
		{7E108320-8FA2-41C2-924D-A824A10C71D9}.Release|Any CPU.ActiveCfg = Release|Any CPU
		{7E108320-8FA2-41C2-924D-A824A10C71D9}.Release|Any CPU.Build.0 = Release|Any CPU
		{0B4B0ADD-4324-4A41-A03F-71E016B902D9}.Debug|Any CPU.ActiveCfg = Debug|Any CPU
		{0B4B0ADD-4324-4A41-A03F-71E016B902D9}.Debug|Any CPU.Build.0 = Debug|Any CPU
		{0B4B0ADD-4324-4A41-A03F-71E016B902D9}.Release|Any CPU.ActiveCfg = Release|Any CPU
		{0B4B0ADD-4324-4A41-A03F-71E016B902D9}.Release|Any CPU.Build.0 = Release|Any CPU
	EndGlobalSection
	GlobalSection(SolutionProperties) = preSolution
		HideSolutionNode = FALSE
	EndGlobalSection
	GlobalSection(ExtensibilityGlobals) = postSolution
		SolutionGuid = {24CBB670-725F-4581-9F4E-B5BBDF391416}
	EndGlobalSection
EndGlobal
