
Microsoft Visual Studio Solution File, Format Version 12.00
# Visual Studio Version 16
VisualStudioVersion = 16.0.31410.357
MinimumVisualStudioVersion = 10.0.40219.1
Project("{FAE04EC0-301F-11D3-BF4B-00C04F79EFBC}") = "UsingGenerics", "UsingGenerics\UsingGenerics.csproj", "{C2EF0805-C311-4089-9272-B85FC4963185}"
EndProject
Global
	GlobalSection(SolutionConfigurationPlatforms) = preSolution
		Debug|Any CPU = Debug|Any CPU
		Release|Any CPU = Release|Any CPU
	EndGlobalSection
	GlobalSection(ProjectConfigurationPlatforms) = postSolution
		{C2EF0805-C311-4089-9272-B85FC4963185}.Debug|Any CPU.ActiveCfg = Debug|Any CPU
		{C2EF0805-C311-4089-9272-B85FC4963185}.Debug|Any CPU.Build.0 = Debug|Any CPU
		{C2EF0805-C311-4089-9272-B85FC4963185}.Release|Any CPU.ActiveCfg = Release|Any CPU
		{C2EF0805-C311-4089-9272-B85FC4963185}.Release|Any CPU.Build.0 = Release|Any CPU
	EndGlobalSection
	GlobalSection(SolutionProperties) = preSolution
		HideSolutionNode = FALSE
	EndGlobalSection
	GlobalSection(ExtensibilityGlobals) = postSolution
		SolutionGuid = {6A89B9E8-FD7C-4C0A-9803-1E9A1E754E0A}
	EndGlobalSection
EndGlobal
